
Microsoft Visual Studio Solution File, Format Version 12.00
# Visual Studio 14
VisualStudioVersion = 14.0.25123.0
MinimumVisualStudioVersion = 10.0.40219.1
Project("{FAE04EC0-301F-11D3-BF4B-00C04F79EFBC}") = "NCraftDisplay", "NCraftDisplay\NCraftDisplay.csproj", "{7D5D4DE0-6D30-44DA-9F0E-3D72FC3F78AA}"
EndProject
Project("{FAE04EC0-301F-11D3-BF4B-00C04F79EFBC}") = "NCraftDisplay.Tests", "NCraftDisplay.Tests\NCraftDisplay.Tests.csproj", "{DB55B7CD-1E21-429A-B938-C21D5B57803E}"
EndProject
Project("{FAE04EC0-301F-11D3-BF4B-00C04F79EFBC}") = "NCraftDisplay.Data", "NCraftDisplay.Data\NCraftDisplay.Data.csproj", "{E8D3F0FD-78A0-45F2-A4DE-FE8688A752EA}"
EndProject
Project("{FAE04EC0-301F-11D3-BF4B-00C04F79EFBC}") = "NCraftDisplay.Model", "NCraftDisplay.Model\NCraftDisplay.Model.csproj", "{9CE6CD3D-8D1C-4ABC-A982-445E6A705F1E}"
EndProject
Project("{FAE04EC0-301F-11D3-BF4B-00C04F79EFBC}") = "NCraftdisplay.IntegrationTests", "NCraftdisplay.IntegrationTests\NCraftdisplay.IntegrationTests.csproj", "{6B5F758C-5CD4-4CE2-8F46-B9A1E96E3776}"
EndProject
Project("{2150E333-8FDC-42A3-9474-1A3956D46DE8}") = "Tests", "Tests", "{D0FD187C-5637-43E3-8969-7DF7810BDE28}"
EndProject
Project("{FAE04EC0-301F-11D3-BF4B-00C04F79EFBC}") = "NCraftDisplay.App", "NCraftDisplay.App\NCraftDisplay.App.csproj", "{CA9459A3-FE53-4409-B4E8-9A123E1AC1DF}"
EndProject
Project("{2150E333-8FDC-42A3-9474-1A3956D46DE8}") = "Algos", "Algos", "{5B4189BB-D22A-4CAB-BA69-A1D07E2B23A9}"
EndProject
Project("{FAE04EC0-301F-11D3-BF4B-00C04F79EFBC}") = "NcraftDisplay.Algos.Random", "NcraftDisplay.Algos.Random\NcraftDisplay.Algos.Random.csproj", "{58F67A8D-9EC3-45CA-9A98-F3300D523593}"
EndProject
Global
	GlobalSection(SolutionConfigurationPlatforms) = preSolution
		Debug|Any CPU = Debug|Any CPU
		Release|Any CPU = Release|Any CPU
	EndGlobalSection
	GlobalSection(ProjectConfigurationPlatforms) = postSolution
		{7D5D4DE0-6D30-44DA-9F0E-3D72FC3F78AA}.Debug|Any CPU.ActiveCfg = Debug|Any CPU
		{7D5D4DE0-6D30-44DA-9F0E-3D72FC3F78AA}.Debug|Any CPU.Build.0 = Debug|Any CPU
		{7D5D4DE0-6D30-44DA-9F0E-3D72FC3F78AA}.Release|Any CPU.ActiveCfg = Release|Any CPU
		{7D5D4DE0-6D30-44DA-9F0E-3D72FC3F78AA}.Release|Any CPU.Build.0 = Release|Any CPU
		{DB55B7CD-1E21-429A-B938-C21D5B57803E}.Debug|Any CPU.ActiveCfg = Debug|Any CPU
		{DB55B7CD-1E21-429A-B938-C21D5B57803E}.Debug|Any CPU.Build.0 = Debug|Any CPU
		{DB55B7CD-1E21-429A-B938-C21D5B57803E}.Release|Any CPU.ActiveCfg = Release|Any CPU
		{DB55B7CD-1E21-429A-B938-C21D5B57803E}.Release|Any CPU.Build.0 = Release|Any CPU
		{E8D3F0FD-78A0-45F2-A4DE-FE8688A752EA}.Debug|Any CPU.ActiveCfg = Debug|Any CPU
		{E8D3F0FD-78A0-45F2-A4DE-FE8688A752EA}.Debug|Any CPU.Build.0 = Debug|Any CPU
		{E8D3F0FD-78A0-45F2-A4DE-FE8688A752EA}.Release|Any CPU.ActiveCfg = Release|Any CPU
		{E8D3F0FD-78A0-45F2-A4DE-FE8688A752EA}.Release|Any CPU.Build.0 = Release|Any CPU
		{9CE6CD3D-8D1C-4ABC-A982-445E6A705F1E}.Debug|Any CPU.ActiveCfg = Debug|Any CPU
		{9CE6CD3D-8D1C-4ABC-A982-445E6A705F1E}.Debug|Any CPU.Build.0 = Debug|Any CPU
		{9CE6CD3D-8D1C-4ABC-A982-445E6A705F1E}.Release|Any CPU.ActiveCfg = Release|Any CPU
		{9CE6CD3D-8D1C-4ABC-A982-445E6A705F1E}.Release|Any CPU.Build.0 = Release|Any CPU
		{6B5F758C-5CD4-4CE2-8F46-B9A1E96E3776}.Debug|Any CPU.ActiveCfg = Debug|Any CPU
		{6B5F758C-5CD4-4CE2-8F46-B9A1E96E3776}.Debug|Any CPU.Build.0 = Debug|Any CPU
		{6B5F758C-5CD4-4CE2-8F46-B9A1E96E3776}.Release|Any CPU.ActiveCfg = Release|Any CPU
		{6B5F758C-5CD4-4CE2-8F46-B9A1E96E3776}.Release|Any CPU.Build.0 = Release|Any CPU
		{CA9459A3-FE53-4409-B4E8-9A123E1AC1DF}.Debug|Any CPU.ActiveCfg = Debug|Any CPU
		{CA9459A3-FE53-4409-B4E8-9A123E1AC1DF}.Debug|Any CPU.Build.0 = Debug|Any CPU
		{CA9459A3-FE53-4409-B4E8-9A123E1AC1DF}.Release|Any CPU.ActiveCfg = Release|Any CPU
		{CA9459A3-FE53-4409-B4E8-9A123E1AC1DF}.Release|Any CPU.Build.0 = Release|Any CPU
		{58F67A8D-9EC3-45CA-9A98-F3300D523593}.Debug|Any CPU.ActiveCfg = Debug|Any CPU
		{58F67A8D-9EC3-45CA-9A98-F3300D523593}.Debug|Any CPU.Build.0 = Debug|Any CPU
		{58F67A8D-9EC3-45CA-9A98-F3300D523593}.Release|Any CPU.ActiveCfg = Release|Any CPU
		{58F67A8D-9EC3-45CA-9A98-F3300D523593}.Release|Any CPU.Build.0 = Release|Any CPU
	EndGlobalSection
	GlobalSection(SolutionProperties) = preSolution
		HideSolutionNode = FALSE
	EndGlobalSection
	GlobalSection(NestedProjects) = preSolution
		{DB55B7CD-1E21-429A-B938-C21D5B57803E} = {D0FD187C-5637-43E3-8969-7DF7810BDE28}
		{6B5F758C-5CD4-4CE2-8F46-B9A1E96E3776} = {D0FD187C-5637-43E3-8969-7DF7810BDE28}
		{58F67A8D-9EC3-45CA-9A98-F3300D523593} = {5B4189BB-D22A-4CAB-BA69-A1D07E2B23A9}
	EndGlobalSection
EndGlobal
